<?xml version="1.0" encoding="utf-8"?>
<Project ToolsVersion="4.0" xmlns="http://schemas.microsoft.com/developer/msbuild/2003">
  <ItemGroup>
    <Filter Include="소스 파일">
      <UniqueIdentifier>{4FC737F1-C7A5-4376-A066-2A32D752A2FF}</UniqueIdentifier>
      <Extensions>cpp;c;cc;cxx;def;odl;idl;hpj;bat;asm;asmx</Extensions>
    </Filter>
    <Filter Include="헤더 파일">
      <UniqueIdentifier>{93995380-89BD-4b04-88EB-625FBE52EBFB}</UniqueIdentifier>
      <Extensions>h;hh;hpp;hxx;hm;inl;inc;xsd</Extensions>
    </Filter>
    <Filter Include="리소스 파일">
      <UniqueIdentifier>{67DA6AB6-F800-4c08-8B7A-83BB121AAD01}</UniqueIdentifier>
      <Extensions>rc;ico;cur;bmp;dlg;rc2;rct;bin;rgs;gif;jpg;jpeg;jpe;resx;tiff;tif;png;wav;mfcribbon-ms</Extensions>
    </Filter>
    <Filter Include="HLSL">
      <UniqueIdentifier>{b36ea3a8-3cb6-4680-a615-a0844cf96048}</UniqueIdentifier>
    </Filter>
    <Filter Include="소스 파일\Camera">
      <UniqueIdentifier>{56880aa6-fa68-402f-9d74-61b1b0cc0890}</UniqueIdentifier>
    </Filter>
    <Filter Include="헤더 파일\Camera">
      <UniqueIdentifier>{086240bc-a4c8-4211-bbe4-2d9bac0f0bc6}</UniqueIdentifier>
    </Filter>
    <Filter Include="헤더 파일\Object">
      <UniqueIdentifier>{95bc00e2-a8e6-4a66-b8da-dc732c5ed1de}</UniqueIdentifier>
    </Filter>
    <Filter Include="소스 파일\Object">
      <UniqueIdentifier>{5c0a154d-6f11-4f3e-beff-cd86d85b23e1}</UniqueIdentifier>
    </Filter>
    <Filter Include="소스 파일\Object\Player">
      <UniqueIdentifier>{1bb24e83-1e5b-4f6d-a530-4f0466b6c54e}</UniqueIdentifier>
    </Filter>
    <Filter Include="헤더 파일\Object\Player">
      <UniqueIdentifier>{ab119e5b-c74b-45da-b984-ae26afa70731}</UniqueIdentifier>
    </Filter>
    <Filter Include="헤더 파일\Scene">
      <UniqueIdentifier>{35270786-75a3-46ec-9576-cc2a3ebc4b24}</UniqueIdentifier>
    </Filter>
    <Filter Include="헤더 파일\Mesh">
      <UniqueIdentifier>{1ff06d3d-2915-4bb4-9b32-7c1273b81689}</UniqueIdentifier>
    </Filter>
    <Filter Include="헤더 파일\Shader">
      <UniqueIdentifier>{1c408c6c-1759-4168-b764-27602358a0e5}</UniqueIdentifier>
    </Filter>
    <Filter Include="소스 파일\Shader">
      <UniqueIdentifier>{93c333b4-ee4a-4922-9585-5eafb4c177d6}</UniqueIdentifier>
    </Filter>
    <Filter Include="소스 파일\Mesh">
      <UniqueIdentifier>{0989b406-fcdf-4fe5-bed1-17b9b3866732}</UniqueIdentifier>
    </Filter>
    <Filter Include="헤더 파일\Manager">
      <UniqueIdentifier>{b5833d23-61f0-4799-b0a3-6d852790d8d1}</UniqueIdentifier>
    </Filter>
    <Filter Include="소스 파일\Manager">
      <UniqueIdentifier>{89fe9380-576c-45a3-b9dd-88e14d821bde}</UniqueIdentifier>
    </Filter>
    <Filter Include="Particle">
      <UniqueIdentifier>{212ba4fb-c602-4b82-bf63-ababc9048f83}</UniqueIdentifier>
    </Filter>
    <Filter Include="Objects">
      <UniqueIdentifier>{22e16c88-e3ad-40e7-af8a-757e32f0e765}</UniqueIdentifier>
    </Filter>
    <Filter Include="Objects\Water">
      <UniqueIdentifier>{b2ca4d8d-6df3-4b10-9483-55d96fc07de1}</UniqueIdentifier>
    </Filter>
    <Filter Include="Objects\SkyBox">
      <UniqueIdentifier>{a046322d-a3d1-41f4-8894-cd50ad5354ac}</UniqueIdentifier>
    </Filter>
    <Filter Include="Objects\Terrain">
      <UniqueIdentifier>{519f8bc8-9ccd-42e2-94d7-69e470d6b63a}</UniqueIdentifier>
    </Filter>
    <Filter Include="헤더 파일\Mesh\NormalMap">
      <UniqueIdentifier>{3337359f-fdc1-4be3-8786-e06ef93680cf}</UniqueIdentifier>
    </Filter>
    <Filter Include="소스 파일\Mesh\NormalMap">
      <UniqueIdentifier>{419b3b71-1ecc-4fd8-866e-5ccb6eaed9b3}</UniqueIdentifier>
    </Filter>
    <Filter Include="소스 파일\Object\Scene">
      <UniqueIdentifier>{501b630d-f68f-45c9-947c-309d4f666895}</UniqueIdentifier>
    </Filter>
  </ItemGroup>
  <ItemGroup>
    <ClCompile Include="stdafx.cpp">
      <Filter>소스 파일</Filter>
    </ClCompile>
    <ClCompile Include="Timer.cpp">
      <Filter>소스 파일</Filter>
    </ClCompile>
    <ClCompile Include="DirectX11_Project.cpp">
      <Filter>소스 파일</Filter>
    </ClCompile>
    <ClCompile Include="GameFramework.cpp">
      <Filter>소스 파일</Filter>
    </ClCompile>
    <ClCompile Include="Camera.cpp">
      <Filter>소스 파일\Camera</Filter>
    </ClCompile>
    <ClCompile Include="SpaceShipCamera.cpp">
      <Filter>소스 파일\Camera</Filter>
    </ClCompile>
    <ClCompile Include="FirstPersonCamera.cpp">
      <Filter>소스 파일\Camera</Filter>
    </ClCompile>
    <ClCompile Include="ThirdPersonCamera.cpp">
      <Filter>소스 파일\Camera</Filter>
    </ClCompile>
    <ClCompile Include="Player.cpp">
      <Filter>소스 파일\Object\Player</Filter>
    </ClCompile>
    <ClCompile Include="TerrainPlayer.cpp">
      <Filter>소스 파일\Object\Player</Filter>
    </ClCompile>
    <ClCompile Include="AirplanePlayer.cpp">
      <Filter>소스 파일\Object\Player</Filter>
    </ClCompile>
    <ClCompile Include="Scene.cpp">
      <Filter>소스 파일\Object\Scene</Filter>
    </ClCompile>
    <ClCompile Include="Object.cpp">
      <Filter>소스 파일\Object</Filter>
    </ClCompile>
    <ClCompile Include="Shader.cpp">
      <Filter>소스 파일\Shader</Filter>
    </ClCompile>
    <ClCompile Include="RotatingObject.cpp">
      <Filter>소스 파일\Object</Filter>
    </ClCompile>
    <ClCompile Include="Mesh.cpp">
      <Filter>소스 파일\Mesh</Filter>
    </ClCompile>
    <ClCompile Include="SceneManager.cpp">
      <Filter>소스 파일\Manager</Filter>
    </ClCompile>
    <ClCompile Include="ResourceManager.cpp">
      <Filter>소스 파일\Manager</Filter>
    </ClCompile>
    <ClCompile Include="StateObjectManager.cpp">
      <Filter>소스 파일\Manager</Filter>
    </ClCompile>
    <ClCompile Include="TextManager.cpp">
      <Filter>소스 파일\Manager</Filter>
    </ClCompile>
    <ClCompile Include="Scene_Main.cpp">
      <Filter>소스 파일\Object\Scene</Filter>
    </ClCompile>
    <ClCompile Include="ParticleSystem.cpp">
      <Filter>Particle</Filter>
    </ClCompile>
    <ClCompile Include="WaterGridMesh.cpp">
      <Filter>Objects\Water</Filter>
    </ClCompile>
    <ClCompile Include="TerrainWater.cpp">
      <Filter>Objects\Water</Filter>
    </ClCompile>
    <ClCompile Include="SkyBox.cpp">
      <Filter>Objects\SkyBox</Filter>
    </ClCompile>
    <ClCompile Include="SkyBoxMesh.cpp">
      <Filter>Objects\SkyBox</Filter>
    </ClCompile>
    <ClCompile Include="HeightMap.cpp">
      <Filter>Objects\Terrain</Filter>
    </ClCompile>
    <ClCompile Include="HeightMapTerrain.cpp">
      <Filter>Objects\Terrain</Filter>
    </ClCompile>
    <ClCompile Include="HeightMapGridMesh.cpp">
      <Filter>Objects\Terrain</Filter>
    </ClCompile>
    <ClCompile Include="ModelMesh_FBX.cpp">
      <Filter>소스 파일\Mesh</Filter>
    </ClCompile>
    <ClCompile Include="NormalMapObject.cpp">
      <Filter>소스 파일\Object</Filter>
    </ClCompile>
    <ClCompile Include="NormalMapShader.cpp">
      <Filter>소스 파일\Shader</Filter>
    </ClCompile>
    <ClCompile Include="MeshNormalMap.cpp">
      <Filter>소스 파일\Mesh\NormalMap</Filter>
    </ClCompile>
    <ClCompile Include="NormalMapCubeMesh.cpp">
      <Filter>소스 파일\Mesh\NormalMap</Filter>
    </ClCompile>
    <ClCompile Include="LineMesh.cpp">
      <Filter>소스 파일\Mesh</Filter>
    </ClCompile>
    <ClCompile Include="AxisObjects.cpp">
      <Filter>소스 파일\Object</Filter>
    </ClCompile>
    <ClCompile Include="TextureToScreenRectMesh.cpp">
      <Filter>소스 파일\Mesh</Filter>
    </ClCompile>
    <ClCompile Include="TexturedRectMesh.cpp">
      <Filter>소스 파일\Mesh</Filter>
    </ClCompile>
    <ClCompile Include="TerrainShader.cpp">
      <Filter>Objects\Terrain</Filter>
    </ClCompile>
    <ClCompile Include="NormalDisplaceMapShader.cpp">
      <Filter>소스 파일\Shader</Filter>
    </ClCompile>
    <ClCompile Include="ScreenShader.cpp">
      <Filter>소스 파일\Shader</Filter>
    </ClCompile>
    <ClCompile Include="ModelSkinnedMesh.cpp">
      <Filter>소스 파일\Mesh</Filter>
    </ClCompile>
    <ClCompile Include="SkinnedObject.cpp">
      <Filter>소스 파일\Object</Filter>
    </ClCompile>
  </ItemGroup>
  <ItemGroup>
    <ClInclude Include="Resource.h">
      <Filter>헤더 파일</Filter>
    </ClInclude>
    <ClInclude Include="stdafx.h">
      <Filter>헤더 파일</Filter>
    </ClInclude>
    <ClInclude Include="targetver.h">
      <Filter>헤더 파일</Filter>
    </ClInclude>
    <ClInclude Include="Timer.h">
      <Filter>헤더 파일</Filter>
    </ClInclude>
    <ClInclude Include="DirectX11_Project.h">
      <Filter>헤더 파일</Filter>
    </ClInclude>
    <ClInclude Include="GameFramework.h">
      <Filter>헤더 파일</Filter>
    </ClInclude>
    <ClInclude Include="Camera.h">
      <Filter>헤더 파일\Camera</Filter>
    </ClInclude>
    <ClInclude Include="SpaceShipCamera.h">
      <Filter>헤더 파일\Camera</Filter>
    </ClInclude>
    <ClInclude Include="FirstPersonCamera.h">
      <Filter>헤더 파일\Camera</Filter>
    </ClInclude>
    <ClInclude Include="ThirdPersonCamera.h">
      <Filter>헤더 파일\Camera</Filter>
    </ClInclude>
    <ClInclude Include="Player.h">
      <Filter>헤더 파일\Object\Player</Filter>
    </ClInclude>
    <ClInclude Include="TerrainPlayer.h">
      <Filter>헤더 파일\Object\Player</Filter>
    </ClInclude>
    <ClInclude Include="AirplanePlayer.h">
      <Filter>헤더 파일\Object\Player</Filter>
    </ClInclude>
    <ClInclude Include="Scene.h">
      <Filter>헤더 파일\Scene</Filter>
    </ClInclude>
    <ClInclude Include="Mesh.h">
      <Filter>헤더 파일\Mesh</Filter>
    </ClInclude>
    <ClInclude Include="Object.h">
      <Filter>헤더 파일\Object</Filter>
    </ClInclude>
    <ClInclude Include="Shader.h">
      <Filter>헤더 파일\Shader</Filter>
    </ClInclude>
    <ClInclude Include="RotatingObject.h">
      <Filter>헤더 파일\Object</Filter>
    </ClInclude>
    <ClInclude Include="SingletonManager.h">
      <Filter>헤더 파일\Manager</Filter>
    </ClInclude>
    <ClInclude Include="ResourceManager.h">
      <Filter>헤더 파일\Manager</Filter>
    </ClInclude>
    <ClInclude Include="SceneManager.h">
      <Filter>헤더 파일\Manager</Filter>
    </ClInclude>
    <ClInclude Include="UserDefine.h">
      <Filter>헤더 파일</Filter>
    </ClInclude>
    <ClInclude Include="ConstantBuffer_Slot.h">
      <Filter>헤더 파일</Filter>
    </ClInclude>
    <ClInclude Include="StateObjectManager.h">
      <Filter>헤더 파일\Manager</Filter>
    </ClInclude>
    <ClInclude Include="TextManager.h">
      <Filter>헤더 파일\Manager</Filter>
    </ClInclude>
    <ClInclude Include="Scene_Main.h">
      <Filter>헤더 파일\Scene</Filter>
    </ClInclude>
    <ClInclude Include="UserTag.h">
      <Filter>헤더 파일</Filter>
    </ClInclude>
    <ClInclude Include="ParticleSystem.h">
      <Filter>Particle</Filter>
    </ClInclude>
    <ClInclude Include="WaterGridMesh.h">
      <Filter>Objects\Water</Filter>
    </ClInclude>
    <ClInclude Include="SkyBox.h">
      <Filter>Objects\SkyBox</Filter>
    </ClInclude>
    <ClInclude Include="TerrainWater.h">
      <Filter>Objects\Water</Filter>
    </ClInclude>
    <ClInclude Include="SkyBoxMesh.h">
      <Filter>Objects\SkyBox</Filter>
    </ClInclude>
    <ClInclude Include="HeightMap.h">
      <Filter>Objects\Terrain</Filter>
    </ClInclude>
    <ClInclude Include="HeightMapTerrain.h">
      <Filter>Objects\Terrain</Filter>
    </ClInclude>
    <ClInclude Include="HeightMapGridMesh.h">
      <Filter>Objects\Terrain</Filter>
    </ClInclude>
    <ClInclude Include="ModelMesh_FBX.h">
      <Filter>헤더 파일\Mesh</Filter>
    </ClInclude>
    <ClInclude Include="NormalMapObject.h">
      <Filter>헤더 파일\Object</Filter>
    </ClInclude>
    <ClInclude Include="NormalMapShader.h">
      <Filter>헤더 파일\Shader</Filter>
    </ClInclude>
    <ClInclude Include="MeshNormalMap.h">
      <Filter>헤더 파일\Mesh\NormalMap</Filter>
    </ClInclude>
    <ClInclude Include="LineMesh.h">
      <Filter>헤더 파일\Mesh</Filter>
    </ClInclude>
    <ClInclude Include="NormalMapCubeMesh.h">
      <Filter>헤더 파일\Mesh\NormalMap</Filter>
    </ClInclude>
    <ClInclude Include="AxisObjects.h">
      <Filter>헤더 파일\Object</Filter>
    </ClInclude>
    <ClInclude Include="TextureToScreenRectMesh.h">
      <Filter>헤더 파일\Mesh</Filter>
    </ClInclude>
    <ClInclude Include="TexturedRectMesh.h">
      <Filter>헤더 파일\Mesh</Filter>
    </ClInclude>
    <ClInclude Include="TerrainShader.h">
      <Filter>Objects\Terrain</Filter>
    </ClInclude>
    <ClInclude Include="NormalDisplaceMapShader.h">
      <Filter>헤더 파일\Shader</Filter>
    </ClInclude>
    <ClInclude Include="ScreenShader.h">
      <Filter>헤더 파일\Shader</Filter>
    </ClInclude>
    <ClInclude Include="ModelSkinnedMesh.h">
      <Filter>헤더 파일\Mesh</Filter>
    </ClInclude>
    <ClInclude Include="SkinnedObject.h">
      <Filter>헤더 파일\Object</Filter>
    </ClInclude>
  </ItemGroup>
  <ItemGroup>
    <Image Include="small.ico">
      <Filter>리소스 파일</Filter>
    </Image>
    <Image Include="DirectX11_Project.ico">
      <Filter>리소스 파일</Filter>
    </Image>
  </ItemGroup>
  <ItemGroup>
    <ResourceCompile Include="DirectX11_Project.rc">
      <Filter>리소스 파일</Filter>
    </ResourceCompile>
  </ItemGroup>
  <ItemGroup>
    <Text Include="memo.txt" />
  </ItemGroup>
  <ItemGroup>
    <FxCompile Include="Shader HLSL File\Effect.fx">
      <Filter>HLSL</Filter>
    </FxCompile>
    <FxCompile Include="Shader HLSL File\Particle.fx">
      <Filter>Particle</Filter>
    </FxCompile>
  </ItemGroup>
  <ItemGroup>
    <None Include="Shader HLSL File\Fog.hlsli">
      <Filter>HLSL</Filter>
    </None>
    <None Include="Shader HLSL File\Light.hlsli">
      <Filter>HLSL</Filter>
    </None>
    <None Include="Shader HLSL File\NormalMap.hlsli">
      <Filter>HLSL</Filter>
    </None>
    <None Include="Shader HLSL File\Blurring.hlsli">
      <Filter>HLSL</Filter>
    </None>
    <None Include="Shader HLSL File\TextureToScreen.hlsli">
      <Filter>HLSL</Filter>
    </None>
    <None Include="Shader HLSL File\Terrain.hlsli">
      <Filter>HLSL</Filter>
    </None>
    <None Include="Shader HLSL File\DisplacementMap.hlsli">
      <Filter>HLSL</Filter>
    </None>
    <None Include="Shader HLSL File\Normal.hlsli">
      <Filter>HLSL</Filter>
    </None>
    <None Include="Shader HLSL File\CharacterSkinned.hlsli">
      <Filter>HLSL</Filter>
    </None>
  </ItemGroup>
</Project>